<?xml version="1.0" encoding="utf-8"?>
<Project ToolsVersion="4.0" xmlns="http://schemas.microsoft.com/developer/msbuild/2003">
  <ItemGroup>
    <ClCompile Include="main.cpp" />
    <ClCompile Include="APC.cpp">
      <Filter>APC</Filter>
    </ClCompile>
    <ClCompile Include="IOCTL.cpp">
      <Filter>Util\IOCTL</Filter>
    </ClCompile>
  </ItemGroup>
  <ItemGroup>
    <Filter Include="Util">
      <UniqueIdentifier>{22f87d31-07dd-4941-9275-19ed233ef4a2}</UniqueIdentifier>
    </Filter>
    <Filter Include="Util\IOCTL">
      <UniqueIdentifier>{e87b7df3-f9be-49b0-8081-f8ea5dde863e}</UniqueIdentifier>
    </Filter>
    <Filter Include="APC">
      <UniqueIdentifier>{24ad9e92-337a-49a7-b0e6-e6c5982fe27d}</UniqueIdentifier>
    </Filter>
    <Filter Include="Util\Event">
      <UniqueIdentifier>{95f6520e-e382-4ae0-95b9-6381624d5b6f}</UniqueIdentifier>
    </Filter>
  </ItemGroup>
  <ItemGroup>
    <ClInclude Include="IOCTL.hpp">
      <Filter>Util\IOCTL</Filter>
    </ClInclude>
    <ClInclude Include="APC.hpp">
      <Filter>APC</Filter>
    </ClInclude>
  </ItemGroup>
</Project>